
Microsoft Visual Studio Solution File, Format Version 12.00
# Visual Studio Version 17
VisualStudioVersion = 17.5.002.0
MinimumVisualStudioVersion = 10.0.40219.1
Project("{9A19103F-16F7-4668-BE54-9A1E7A4F7556}") = "ContractsCalcBot", "ContractsCalcBot.csproj", "{6A851731-99E5-4E15-8559-7F13AE1F47DB}"
EndProject
Global
	GlobalSection(SolutionConfigurationPlatforms) = preSolution
		Debug|Any CPU = Debug|Any CPU
		Release|Any CPU = Release|Any CPU
	EndGlobalSection
	GlobalSection(ProjectConfigurationPlatforms) = postSolution
		{6A851731-99E5-4E15-8559-7F13AE1F47DB}.Debug|Any CPU.ActiveCfg = Debug|Any CPU
		{6A851731-99E5-4E15-8559-7F13AE1F47DB}.Debug|Any CPU.Build.0 = Debug|Any CPU
		{6A851731-99E5-4E15-8559-7F13AE1F47DB}.Release|Any CPU.ActiveCfg = Release|Any CPU
		{6A851731-99E5-4E15-8559-7F13AE1F47DB}.Release|Any CPU.Build.0 = Release|Any CPU
	EndGlobalSection
	GlobalSection(SolutionProperties) = preSolution
		HideSolutionNode = FALSE
	EndGlobalSection
	GlobalSection(ExtensibilityGlobals) = postSolution
		SolutionGuid = {6829C7D7-14C6-40F7-8775-5B75D5AD262C}
	EndGlobalSection
EndGlobal
